// !$*UTF8*$!
{
	archiveVersion = 1;
	classes = {
	};
	objectVersion = 60;
	objects = {

/* Begin PBXBuildFile section */
		37329A052273057300FEA32A /* AppDelegate.swift in Sources */ = {isa = PBXBuildFile; fileRef = 37329A042273057300FEA32A /* AppDelegate.swift */; };
		37329A072273057300FEA32A /* ViewController.swift in Sources */ = {isa = PBXBuildFile; fileRef = 37329A062273057300FEA32A /* ViewController.swift */; };
		37329A092273057500FEA32A /* Assets.xcassets in Resources */ = {isa = PBXBuildFile; fileRef = 37329A082273057500FEA32A /* Assets.xcassets */; };
		37329A0C2273057500FEA32A /* Main.storyboard in Resources */ = {isa = PBXBuildFile; fileRef = 37329A0A2273057500FEA32A /* Main.storyboard */; };
		3775F32322753D7200A1840B /* Sample Data in Resources */ = {isa = PBXBuildFile; fileRef = F7D6D86C1CFB2C4900DA6DA6 /* Sample Data */; };
		D56FDDDB2F0CBC7A004784A5 /* ZipArchive in Frameworks */ = {isa = PBXBuildFile; productRef = D56FDDDA2F0CBC7A004784A5 /* ZipArchive */; };
/* End PBXBuildFile section */

/* Begin PBXFileReference section */
		1DE06FF5ED20D6135954A07F /* Pods_core_ObjectiveCExampleTests_tvOS.framework */ = {isa = PBXFileReference; explicitFileType = wrapper.framework; includeInIndex = 0; path = Pods_core_ObjectiveCExampleTests_tvOS.framework; sourceTree = BUILT_PRODUCTS_DIR; };
		37329A022273057300FEA32A /* SwiftExample_macOS.app */ = {isa = PBXFileReference; explicitFileType = wrapper.application; includeInIndex = 0; path = SwiftExample_macOS.app; sourceTree = BUILT_PRODUCTS_DIR; };
		37329A042273057300FEA32A /* AppDelegate.swift */ = {isa = PBXFileReference; lastKnownFileType = sourcecode.swift; path = AppDelegate.swift; sourceTree = "<group>"; };
		37329A062273057300FEA32A /* ViewController.swift */ = {isa = PBXFileReference; lastKnownFileType = sourcecode.swift; path = ViewController.swift; sourceTree = "<group>"; };
		37329A082273057500FEA32A /* Assets.xcassets */ = {isa = PBXFileReference; lastKnownFileType = folder.assetcatalog; path = Assets.xcassets; sourceTree = "<group>"; };
		37329A0B2273057500FEA32A /* Base */ = {isa = PBXFileReference; lastKnownFileType = file.storyboard; name = Base; path = Base.lproj/Main.storyboard; sourceTree = "<group>"; };
		37329A0D2273057500FEA32A /* Info.plist */ = {isa = PBXFileReference; lastKnownFileType = text.plist.xml; path = Info.plist; sourceTree = "<group>"; };
		37329A0E2273057500FEA32A /* SwiftExample_macOS.entitlements */ = {isa = PBXFileReference; lastKnownFileType = text.plist.entitlements; path = SwiftExample_macOS.entitlements; sourceTree = "<group>"; };
		48D5C61C213E97A4B17BACFA /* Pods_core_ObjectiveCExampleTests_iOS.framework */ = {isa = PBXFileReference; explicitFileType = wrapper.framework; includeInIndex = 0; path = Pods_core_ObjectiveCExampleTests_iOS.framework; sourceTree = BUILT_PRODUCTS_DIR; };
		57A53C905D9BA6730E90C3A8 /* Pods_core_ObjectiveCExampleTests_watchOS.framework */ = {isa = PBXFileReference; explicitFileType = wrapper.framework; includeInIndex = 0; path = Pods_core_ObjectiveCExampleTests_watchOS.framework; sourceTree = BUILT_PRODUCTS_DIR; };
		57AA942D1C28397000858D82 /* ZipArchive.framework */ = {isa = PBXFileReference; lastKnownFileType = wrapper.framework; name = ZipArchive.framework; path = Carthage/Build/iOS/ZipArchive.framework; sourceTree = "<group>"; };
		8D9AE8B01FE79EABEDC1DA87 /* Pods_core_SwiftExample.framework */ = {isa = PBXFileReference; explicitFileType = wrapper.framework; includeInIndex = 0; path = Pods_core_SwiftExample.framework; sourceTree = BUILT_PRODUCTS_DIR; };
		8F55AA2EC4D572A3D0AF90BA /* Pods_core_ObjectiveCExample.framework */ = {isa = PBXFileReference; explicitFileType = wrapper.framework; includeInIndex = 0; path = Pods_core_ObjectiveCExample.framework; sourceTree = BUILT_PRODUCTS_DIR; };
		9B24D4343DEE4228CB2E5423 /* Pods_core_ObjectiveCExampleTests_macOS.framework */ = {isa = PBXFileReference; explicitFileType = wrapper.framework; includeInIndex = 0; path = Pods_core_ObjectiveCExampleTests_macOS.framework; sourceTree = BUILT_PRODUCTS_DIR; };
		B3A1FA27B403DD333FFAFDA2 /* Pods_core_ObjectiveCExampleTests_visionOS.framework */ = {isa = PBXFileReference; explicitFileType = wrapper.framework; includeInIndex = 0; path = Pods_core_ObjectiveCExampleTests_visionOS.framework; sourceTree = BUILT_PRODUCTS_DIR; };
		D745CAB61B0334919B9281E8 /* Pods_core_SwiftExample_macOS.framework */ = {isa = PBXFileReference; explicitFileType = wrapper.framework; includeInIndex = 0; path = Pods_core_SwiftExample_macOS.framework; sourceTree = BUILT_PRODUCTS_DIR; };
		F7D6D86C1CFB2C4900DA6DA6 /* Sample Data */ = {isa = PBXFileReference; lastKnownFileType = folder; path = "Sample Data"; sourceTree = "<group>"; };
/* End PBXFileReference section */

/* Begin PBXFrameworksBuildPhase section */
		373299FF2273057300FEA32A /* Frameworks */ = {
			isa = PBXFrameworksBuildPhase;
			buildActionMask = 2147483647;
			files = (
				D56FDDDB2F0CBC7A004784A5 /* ZipArchive in Frameworks */,
			);
			runOnlyForDeploymentPostprocessing = 0;
		};
/* End PBXFrameworksBuildPhase section */

/* Begin PBXGroup section */
		37329A032273057300FEA32A /* SwiftExample_macOS */ = {
			isa = PBXGroup;
			children = (
				37329A042273057300FEA32A /* AppDelegate.swift */,
				37329A062273057300FEA32A /* ViewController.swift */,
				37329A0A2273057500FEA32A /* Main.storyboard */,
				37329A082273057500FEA32A /* Assets.xcassets */,
				37329A0D2273057500FEA32A /* Info.plist */,
				37329A0E2273057500FEA32A /* SwiftExample_macOS.entitlements */,
			);
			path = SwiftExample_macOS;
			sourceTree = "<group>";
		};
		8DFE19E11BDA9FF300709011 = {
			isa = PBXGroup;
			children = (
				37329A032273057300FEA32A /* SwiftExample_macOS */,
				F7D6D86C1CFB2C4900DA6DA6 /* Sample Data */,
				8DFE19EB1BDA9FF300709011 /* Products */,
				C0E3885084B2150B8F297B76 /* Frameworks */,
			);
			sourceTree = "<group>";
		};
		8DFE19EB1BDA9FF300709011 /* Products */ = {
			isa = PBXGroup;
			children = (
				37329A022273057300FEA32A /* SwiftExample_macOS.app */,
			);
			name = Products;
			sourceTree = "<group>";
		};
		C0E3885084B2150B8F297B76 /* Frameworks */ = {
			isa = PBXGroup;
			children = (
				57AA942D1C28397000858D82 /* ZipArchive.framework */,
				8F55AA2EC4D572A3D0AF90BA /* Pods_core_ObjectiveCExample.framework */,
				48D5C61C213E97A4B17BACFA /* Pods_core_ObjectiveCExampleTests_iOS.framework */,
				9B24D4343DEE4228CB2E5423 /* Pods_core_ObjectiveCExampleTests_macOS.framework */,
				1DE06FF5ED20D6135954A07F /* Pods_core_ObjectiveCExampleTests_tvOS.framework */,
				B3A1FA27B403DD333FFAFDA2 /* Pods_core_ObjectiveCExampleTests_visionOS.framework */,
				57A53C905D9BA6730E90C3A8 /* Pods_core_ObjectiveCExampleTests_watchOS.framework */,
				8D9AE8B01FE79EABEDC1DA87 /* Pods_core_SwiftExample.framework */,
				D745CAB61B0334919B9281E8 /* Pods_core_SwiftExample_macOS.framework */,
			);
			name = Frameworks;
			sourceTree = "<group>";
		};
/* End PBXGroup section */

/* Begin PBXNativeTarget section */
		37329A012273057300FEA32A /* SwiftExample_macOS */ = {
			isa = PBXNativeTarget;
			buildConfigurationList = 37329A112273057500FEA32A /* Build configuration list for PBXNativeTarget "SwiftExample_macOS" */;
			buildPhases = (
				373299FE2273057300FEA32A /* Sources */,
				373299FF2273057300FEA32A /* Frameworks */,
				37329A002273057300FEA32A /* Resources */,
			);
			buildRules = (
			);
			dependencies = (
			);
			name = SwiftExample_macOS;
			productName = SwiftExample_macOS;
			productReference = 37329A022273057300FEA32A /* SwiftExample_macOS.app */;
			productType = "com.apple.product-type.application";
		};
/* End PBXNativeTarget section */

/* Begin PBXProject section */
		8DFE19E21BDA9FF300709011 /* Project object */ = {
			isa = PBXProject;
			attributes = {
				LastSwiftUpdateCheck = 1020;
				LastUpgradeCheck = 1200;
				TargetAttributes = {
					37329A012273057300FEA32A = {
						CreatedOnToolsVersion = 10.2.1;
						LastSwiftMigration = 1200;
						ProvisioningStyle = Automatic;
					};
				};
			};
			buildConfigurationList = 8DFE19E51BDA9FF300709011 /* Build configuration list for PBXProject "ZipArchiveExample" */;
			compatibilityVersion = "Xcode 6.3";
			developmentRegion = en;
			hasScannedForEncodings = 0;
			knownRegions = (
				en,
				Base,
			);
			mainGroup = 8DFE19E11BDA9FF300709011;
			packageReferences = (
				D56FDDD92F0CBC7A004784A5 /* XCLocalSwiftPackageReference "../../ZipArchive" */,
			);
			productRefGroup = 8DFE19EB1BDA9FF300709011 /* Products */;
			projectDirPath = "";
			projectRoot = "";
			targets = (
				37329A012273057300FEA32A /* SwiftExample_macOS */,
			);
		};
/* End PBXProject section */

/* Begin PBXResourcesBuildPhase section */
		37329A002273057300FEA32A /* Resources */ = {
			isa = PBXResourcesBuildPhase;
			buildActionMask = 2147483647;
			files = (
				37329A092273057500FEA32A /* Assets.xcassets in Resources */,
				37329A0C2273057500FEA32A /* Main.storyboard in Resources */,
				3775F32322753D7200A1840B /* Sample Data in Resources */,
			);
			runOnlyForDeploymentPostprocessing = 0;
		};
/* End PBXResourcesBuildPhase section */

/* Begin PBXSourcesBuildPhase section */
		373299FE2273057300FEA32A /* Sources */ = {
			isa = PBXSourcesBuildPhase;
			buildActionMask = 2147483647;
			files = (
				37329A072273057300FEA32A /* ViewController.swift in Sources */,
				37329A052273057300FEA32A /* AppDelegate.swift in Sources */,
			);
			runOnlyForDeploymentPostprocessing = 0;
		};
/* End PBXSourcesBuildPhase section */

/* Begin PBXVariantGroup section */
		37329A0A2273057500FEA32A /* Main.storyboard */ = {
			isa = PBXVariantGroup;
			children = (
				37329A0B2273057500FEA32A /* Base */,
			);
			name = Main.storyboard;
			sourceTree = "<group>";
		};
/* End PBXVariantGroup section */

/* Begin XCBuildConfiguration section */
		37329A0F2273057500FEA32A /* Debug */ = {
			isa = XCBuildConfiguration;
			buildSettings = {
				ASSETCATALOG_COMPILER_APPICON_NAME = AppIcon;
				CLANG_CXX_LANGUAGE_STANDARD = "gnu++0x";
				CODE_SIGN_ENTITLEMENTS = SwiftExample_macOS/SwiftExample_macOS.entitlements;
				CODE_SIGN_IDENTITY = "-";
				CODE_SIGN_STYLE = Automatic;
				COMBINE_HIDPI_IMAGES = YES;
				DEAD_CODE_STRIPPING = YES;
				GCC_C_LANGUAGE_STANDARD = gnu99;
				INFOPLIST_FILE = SwiftExample_macOS/Info.plist;
				LD_RUNPATH_SEARCH_PATHS = (
					"$(inherited)",
					"@executable_path/../Frameworks",
				);
				MACOSX_DEPLOYMENT_TARGET = 10.15;
				MTL_ENABLE_DEBUG_INFO = INCLUDE_SOURCE;
				MTL_FAST_MATH = YES;
				PRODUCT_BUNDLE_IDENTIFIER = "com.ziparchive.SwiftExample-macOS";
				PRODUCT_NAME = "$(TARGET_NAME)";
				SDKROOT = macosx;
				SWIFT_ACTIVE_COMPILATION_CONDITIONS = DEBUG;
				SWIFT_VERSION = 5.0;
			};
			name = Debug;
		};
		37329A102273057500FEA32A /* Release */ = {
			isa = XCBuildConfiguration;
			buildSettings = {
				ASSETCATALOG_COMPILER_APPICON_NAME = AppIcon;
				CLANG_CXX_LANGUAGE_STANDARD = "gnu++0x";
				CODE_SIGN_ENTITLEMENTS = SwiftExample_macOS/SwiftExample_macOS.entitlements;
				CODE_SIGN_IDENTITY = "-";
				CODE_SIGN_STYLE = Automatic;
				COMBINE_HIDPI_IMAGES = YES;
				DEAD_CODE_STRIPPING = YES;
				GCC_C_LANGUAGE_STANDARD = gnu99;
				INFOPLIST_FILE = SwiftExample_macOS/Info.plist;
				LD_RUNPATH_SEARCH_PATHS = (
					"$(inherited)",
					"@executable_path/../Frameworks",
				);
				MACOSX_DEPLOYMENT_TARGET = 10.15;
				MTL_FAST_MATH = YES;
				PRODUCT_BUNDLE_IDENTIFIER = "com.ziparchive.SwiftExample-macOS";
				PRODUCT_NAME = "$(TARGET_NAME)";
				SDKROOT = macosx;
				SWIFT_VERSION = 5.0;
			};
			name = Release;
		};
		8DFE1A0A1BDA9FF300709011 /* Debug */ = {
			isa = XCBuildConfiguration;
			buildSettings = {
				ALWAYS_SEARCH_USER_PATHS = NO;
				CLANG_ANALYZER_GCD_PERFORMANCE = YES;
				CLANG_ANALYZER_NONNULL = YES;
				CLANG_ANALYZER_NUMBER_OBJECT_CONVERSION = YES_AGGRESSIVE;
				CLANG_ANALYZER_SECURITY_FLOATLOOPCOUNTER = YES;
				CLANG_CXX_LANGUAGE_STANDARD = "gnu++0x";
				CLANG_CXX_LIBRARY = "libc++";
				CLANG_ENABLE_MODULES = YES;
				CLANG_ENABLE_OBJC_ARC = YES;
				CLANG_WARN_BLOCK_CAPTURE_AUTORELEASING = YES;
				CLANG_WARN_BOOL_CONVERSION = YES;
				CLANG_WARN_COMMA = YES;
				CLANG_WARN_CONSTANT_CONVERSION = YES;
				CLANG_WARN_DEPRECATED_OBJC_IMPLEMENTATIONS = YES;
				CLANG_WARN_DIRECT_OBJC_ISA_USAGE = YES_ERROR;
				CLANG_WARN_DOCUMENTATION_COMMENTS = YES;
				CLANG_WARN_EMPTY_BODY = YES;
				CLANG_WARN_ENUM_CONVERSION = YES;
				CLANG_WARN_INFINITE_RECURSION = YES;
				CLANG_WARN_INT_CONVERSION = YES;
				CLANG_WARN_NON_LITERAL_NULL_CONVERSION = YES;
				CLANG_WARN_OBJC_IMPLICIT_RETAIN_SELF = YES;
				CLANG_WARN_OBJC_LITERAL_CONVERSION = YES;
				CLANG_WARN_OBJC_REPEATED_USE_OF_WEAK = YES_AGGRESSIVE;
				CLANG_WARN_OBJC_ROOT_CLASS = YES_ERROR;
				CLANG_WARN_QUOTED_INCLUDE_IN_FRAMEWORK_HEADER = YES;
				CLANG_WARN_RANGE_LOOP_ANALYSIS = YES;
				CLANG_WARN_SEMICOLON_BEFORE_METHOD_BODY = YES;
				CLANG_WARN_STRICT_PROTOTYPES = YES;
				CLANG_WARN_SUSPICIOUS_MOVE = YES;
				CLANG_WARN_UNGUARDED_AVAILABILITY = YES_AGGRESSIVE;
				CLANG_WARN_UNREACHABLE_CODE = YES_AGGRESSIVE;
				CLANG_WARN__DUPLICATE_METHOD_MATCH = YES;
				"CODE_SIGN_IDENTITY[sdk=iphoneos*]" = "iPhone Developer";
				COPY_PHASE_STRIP = NO;
				DEBUG_ACTIVITY_MODE = "";
				"DEBUG_ACTIVITY_MODE[sdk=iphonesimulator*]" = default;
				DEBUG_INFORMATION_FORMAT = dwarf;
				ENABLE_STRICT_OBJC_MSGSEND = YES;
				ENABLE_TESTABILITY = YES;
				GCC_C_LANGUAGE_STANDARD = gnu99;
				GCC_DYNAMIC_NO_PIC = NO;
				GCC_NO_COMMON_BLOCKS = YES;
				GCC_OPTIMIZATION_LEVEL = 0;
				GCC_PREPROCESSOR_DEFINITIONS = (
					"DEBUG=1",
					"$(inherited)",
				);
				GCC_WARN_64_TO_32_BIT_CONVERSION = YES;
				GCC_WARN_ABOUT_RETURN_TYPE = YES_ERROR;
				GCC_WARN_UNDECLARED_SELECTOR = YES;
				GCC_WARN_UNINITIALIZED_AUTOS = YES_AGGRESSIVE;
				GCC_WARN_UNUSED_FUNCTION = YES;
				GCC_WARN_UNUSED_VARIABLE = YES;
				IPHONEOS_DEPLOYMENT_TARGET = 15.5;
				MACOSX_DEPLOYMENT_TARGET = 10.15;
				MTL_ENABLE_DEBUG_INFO = YES;
				ONLY_ACTIVE_ARCH = YES;
				SDKROOT = iphoneos;
				SWIFT_OPTIMIZATION_LEVEL = "-Onone";
				SWIFT_VERSION = 4.0;
				TARGETED_DEVICE_FAMILY = "1,2";
				TVOS_DEPLOYMENT_TARGET = 15.4;
				WATCHOS_DEPLOYMENT_TARGET = 8.4;
				XROS_DEPLOYMENT_TARGET = 1.0;
			};
			name = Debug;
		};
		8DFE1A0B1BDA9FF300709011 /* Release */ = {
			isa = XCBuildConfiguration;
			buildSettings = {
				ALWAYS_SEARCH_USER_PATHS = NO;
				CLANG_ANALYZER_GCD_PERFORMANCE = YES;
				CLANG_ANALYZER_NONNULL = YES;
				CLANG_ANALYZER_NUMBER_OBJECT_CONVERSION = YES_AGGRESSIVE;
				CLANG_ANALYZER_SECURITY_FLOATLOOPCOUNTER = YES;
				CLANG_CXX_LANGUAGE_STANDARD = "gnu++0x";
				CLANG_CXX_LIBRARY = "libc++";
				CLANG_ENABLE_MODULES = YES;
				CLANG_ENABLE_OBJC_ARC = YES;
				CLANG_WARN_BLOCK_CAPTURE_AUTORELEASING = YES;
				CLANG_WARN_BOOL_CONVERSION = YES;
				CLANG_WARN_COMMA = YES;
				CLANG_WARN_CONSTANT_CONVERSION = YES;
				CLANG_WARN_DEPRECATED_OBJC_IMPLEMENTATIONS = YES;
				CLANG_WARN_DIRECT_OBJC_ISA_USAGE = YES_ERROR;
				CLANG_WARN_DOCUMENTATION_COMMENTS = YES;
				CLANG_WARN_EMPTY_BODY = YES;
				CLANG_WARN_ENUM_CONVERSION = YES;
				CLANG_WARN_INFINITE_RECURSION = YES;
				CLANG_WARN_INT_CONVERSION = YES;
				CLANG_WARN_NON_LITERAL_NULL_CONVERSION = YES;
				CLANG_WARN_OBJC_IMPLICIT_RETAIN_SELF = YES;
				CLANG_WARN_OBJC_LITERAL_CONVERSION = YES;
				CLANG_WARN_OBJC_REPEATED_USE_OF_WEAK = YES_AGGRESSIVE;
				CLANG_WARN_OBJC_ROOT_CLASS = YES_ERROR;
				CLANG_WARN_QUOTED_INCLUDE_IN_FRAMEWORK_HEADER = YES;
				CLANG_WARN_RANGE_LOOP_ANALYSIS = YES;
				CLANG_WARN_SEMICOLON_BEFORE_METHOD_BODY = YES;
				CLANG_WARN_STRICT_PROTOTYPES = YES;
				CLANG_WARN_SUSPICIOUS_MOVE = YES;
				CLANG_WARN_UNGUARDED_AVAILABILITY = YES_AGGRESSIVE;
				CLANG_WARN_UNREACHABLE_CODE = YES_AGGRESSIVE;
				CLANG_WARN__DUPLICATE_METHOD_MATCH = YES;
				"CODE_SIGN_IDENTITY[sdk=iphoneos*]" = "iPhone Developer";
				COPY_PHASE_STRIP = NO;
				DEBUG_ACTIVITY_MODE = "";
				DEBUG_INFORMATION_FORMAT = "dwarf-with-dsym";
				ENABLE_NS_ASSERTIONS = NO;
				ENABLE_STRICT_OBJC_MSGSEND = YES;
				GCC_C_LANGUAGE_STANDARD = gnu99;
				GCC_DYNAMIC_NO_PIC = NO;
				GCC_NO_COMMON_BLOCKS = YES;
				GCC_WARN_64_TO_32_BIT_CONVERSION = YES;
				GCC_WARN_ABOUT_RETURN_TYPE = YES_ERROR;
				GCC_WARN_UNDECLARED_SELECTOR = YES;
				GCC_WARN_UNINITIALIZED_AUTOS = YES_AGGRESSIVE;
				GCC_WARN_UNUSED_FUNCTION = YES;
				GCC_WARN_UNUSED_VARIABLE = YES;
				IPHONEOS_DEPLOYMENT_TARGET = 15.5;
				MACOSX_DEPLOYMENT_TARGET = 10.15;
				MTL_ENABLE_DEBUG_INFO = NO;
				SDKROOT = iphoneos;
				SWIFT_COMPILATION_MODE = wholemodule;
				SWIFT_OPTIMIZATION_LEVEL = "-O";
				SWIFT_VERSION = 4.0;
				TARGETED_DEVICE_FAMILY = "1,2";
				TVOS_DEPLOYMENT_TARGET = 15.4;
				VALIDATE_PRODUCT = YES;
				WATCHOS_DEPLOYMENT_TARGET = 8.4;
				XROS_DEPLOYMENT_TARGET = 1.0;
			};
			name = Release;
		};
/* End XCBuildConfiguration section */

/* Begin XCConfigurationList section */
		37329A112273057500FEA32A /* Build configuration list for PBXNativeTarget "SwiftExample_macOS" */ = {
			isa = XCConfigurationList;
			buildConfigurations = (
				37329A0F2273057500FEA32A /* Debug */,
				37329A102273057500FEA32A /* Release */,
			);
			defaultConfigurationIsVisible = 0;
			defaultConfigurationName = Release;
		};
		8DFE19E51BDA9FF300709011 /* Build configuration list for PBXProject "ZipArchiveExample" */ = {
			isa = XCConfigurationList;
			buildConfigurations = (
				8DFE1A0A1BDA9FF300709011 /* Debug */,
				8DFE1A0B1BDA9FF300709011 /* Release */,
			);
			defaultConfigurationIsVisible = 0;
			defaultConfigurationName = Release;
		};
/* End XCConfigurationList section */

/* Begin XCLocalSwiftPackageReference section */
		D56FDDD92F0CBC7A004784A5 /* XCLocalSwiftPackageReference "../../ZipArchive" */ = {
			isa = XCLocalSwiftPackageReference;
			relativePath = ../../ZipArchive;
		};
/* End XCLocalSwiftPackageReference section */

/* Begin XCSwiftPackageProductDependency section */
		D56FDDDA2F0CBC7A004784A5 /* ZipArchive */ = {
			isa = XCSwiftPackageProductDependency;
			productName = ZipArchive;
		};
/* End XCSwiftPackageProductDependency section */
	};
	rootObject = 8DFE19E21BDA9FF300709011 /* Project object */;
}
